
Microsoft Visual Studio Solution File, Format Version 12.00
# Visual Studio Version 17
VisualStudioVersion = 17.2.32516.85
MinimumVisualStudioVersion = 10.0.40219.1
Project("{FAE04EC0-301F-11D3-BF4B-00C04F79EFBC}") = "BulkyBookWeb", "BulkyBookWeb\BulkyBookWeb.csproj", "{9801DBC6-02A7-4CAD-BF11-BB17BEE769E5}"
EndProject
Global
	GlobalSection(SolutionConfigurationPlatforms) = preSolution
		Debug|Any CPU = Debug|Any CPU
		Release|Any CPU = Release|Any CPU
	EndGlobalSection
	GlobalSection(ProjectConfigurationPlatforms) = postSolution
		{9801DBC6-02A7-4CAD-BF11-BB17BEE769E5}.Debug|Any CPU.ActiveCfg = Debug|Any CPU
		{9801DBC6-02A7-4CAD-BF11-BB17BEE769E5}.Debug|Any CPU.Build.0 = Debug|Any CPU
		{9801DBC6-02A7-4CAD-BF11-BB17BEE769E5}.Release|Any CPU.ActiveCfg = Release|Any CPU
		{9801DBC6-02A7-4CAD-BF11-BB17BEE769E5}.Release|Any CPU.Build.0 = Release|Any CPU
	EndGlobalSection
	GlobalSection(SolutionProperties) = preSolution
		HideSolutionNode = FALSE
	EndGlobalSection
	GlobalSection(ExtensibilityGlobals) = postSolution
		SolutionGuid = {30961DF4-1790-4D77-AF24-08CD4FA8AC57}
	EndGlobalSection
EndGlobal
